
Microsoft Visual Studio Solution File, Format Version 12.00
# Visual Studio Version 17
VisualStudioVersion = 17.7.34031.279
MinimumVisualStudioVersion = 10.0.40219.1
Project("{FAE04EC0-301F-11D3-BF4B-00C04F79EFBC}") = "Prom01_sem05", "Prom01_sem05.csproj", "{3C884A2D-10F7-4B41-8EB2-23DB20A64516}"
EndProject
Global
	GlobalSection(SolutionConfigurationPlatforms) = preSolution
		Debug|Any CPU = Debug|Any CPU
		Release|Any CPU = Release|Any CPU
	EndGlobalSection
	GlobalSection(ProjectConfigurationPlatforms) = postSolution
		{3C884A2D-10F7-4B41-8EB2-23DB20A64516}.Debug|Any CPU.ActiveCfg = Debug|Any CPU
		{3C884A2D-10F7-4B41-8EB2-23DB20A64516}.Debug|Any CPU.Build.0 = Debug|Any CPU
		{3C884A2D-10F7-4B41-8EB2-23DB20A64516}.Release|Any CPU.ActiveCfg = Release|Any CPU
		{3C884A2D-10F7-4B41-8EB2-23DB20A64516}.Release|Any CPU.Build.0 = Release|Any CPU
	EndGlobalSection
	GlobalSection(SolutionProperties) = preSolution
		HideSolutionNode = FALSE
	EndGlobalSection
	GlobalSection(ExtensibilityGlobals) = postSolution
		SolutionGuid = {15983DAD-DAC4-4C01-A461-D0649E3E2910}
	EndGlobalSection
EndGlobal
